{
    "_meta": {
        "hash": {
            "sha256": "5f235c83fe9c73bfc76c31be4b42473926d350fef756cc358f76162ef4b2302e"
        },
        "requires": {},
        "sources": [
            {
                "url": "https://pypi.python.org/simple",
                "verify_ssl": true
            }
        ]
    },
    "default": {
        "boto3": {
            "hash": "sha256:5050c29353fec97301116386f469fa5858ccf47201623b53cf9f74e603bda52f",
            "version": "==1.4.4"
        },
        "botocore": {
            "hash": "sha256:10dfb221c3796d45c81503fa79ba5ad9091c42d2480ad3fe26409443454c5500",
            "version": "==1.5.80"
        },
        "certifi": {
            "hash": "sha256:f4318671072f030a33c7ca6acaef720ddd50ff124d1388e50c1bda4cbd6d7010",
            "version": "==2017.4.17"
        },
        "chardet": {
            "hash": "sha256:fc323ffcaeaed0e0a02bf4d117757b98aed530d9ed4531e3e15460124c106691",
            "version": "==3.0.4"
        },
        "docutils": {
            "hash": "sha256:cb3ebcb09242804f84bdbf0b26504077a054da6772c6f4d625f335cc53ebf94d",
            "version": "==0.13.1"
        },
        "idna": {
            "hash": "sha256:cc19709fd6d0cbfed39ea875d29ba6d4e22c0cebc510a76d6302a28385e8bb70",
            "version": "==2.5"
        },
        "jmespath": {
            "hash": "sha256:f11b4461f425740a1d908e9a3f7365c3d2e569f6ca68a2ff8bc5bcd9676edd63",
            "version": "==0.9.3"
        },
        "python-dateutil": {
            "hash": "sha256:537bf2a8f8ce6f6862ad705cd68f9e405c0b5db014aa40fa29eab4335d4b1716",
            "version": "==2.6.0"
        },
        "requests": {
            "hash": "sha256:6afd3371c1f4c1970497cdcace5c5ecbbe58267bf05ca1abd93d99d170803ab7",
            "version": "==2.18.1"
        },
        "s3transfer": {
            "hash": "sha256:bc52f38637f37572ae180c08a2dd87a4825b46713797633aab6e1a42d6b2b8ff",
            "version": "==0.1.10"
        },
        "six": {
            "hash": "sha256:0ff78c403d9bccf5a425a6d31a12aa6b47f1c21ca4dc2573a7e2f32a97335eb1",
            "version": "==1.10.0"
        },
        "urllib3": {
            "hash": "sha256:8ed6d5c1ff9d6ba84677310060d6a3a78ca3072ce0684cb3c645023009c114b1",
            "version": "==1.21.1"
        }
    },
    "develop": {}
}